Microsoft Visual Studio Solution File, Format Version 11.00
# Visual Studio 2008

Project("{E0B3154A-4C9E-76E6-0080-BB24C51EA89A}") = "Experimenting with Rooms", "Assembly-CSharp-firstpass.csproj", "{AE86991D-1CAA-C7AD-007E-D20EF312CE68}"
EndProject
Project("{E0B3154A-4C9E-76E6-0080-BB24C51EA89A}") = "Experimenting with Rooms", "Assembly-CSharp.csproj", "{6AE0FDEE-567E-BD28-C540-3CB671F349BC}"
EndProject
Project("{E0B3154A-4C9E-76E6-0080-BB24C51EA89A}") = "Experimenting with Rooms", "Assembly-CSharp-Editor.csproj", "{1448C29D-E1DF-7A38-1F9A-496186E9D34F}"
EndProject
Global
	GlobalSection(SolutionConfigurationPlatforms) = preSolution
		Debug|Any CPU = Debug|Any CPU
		Release|Any CPU = Release|Any CPU
	EndGlobalSection
	GlobalSection(ProjectConfigurationPlatforms) = postSolution
		{AE86991D-1CAA-C7AD-007E-D20EF312CE68}.Debug|Any CPU.ActiveCfg = Debug|Any CPU
		{AE86991D-1CAA-C7AD-007E-D20EF312CE68}.Debug|Any CPU.Build.0 = Debug|Any CPU
		{AE86991D-1CAA-C7AD-007E-D20EF312CE68}.Release|Any CPU.ActiveCfg = Release|Any CPU
		{AE86991D-1CAA-C7AD-007E-D20EF312CE68}.Release|Any CPU.Build.0 = Release|Any CPU
		{6AE0FDEE-567E-BD28-C540-3CB671F349BC}.Debug|Any CPU.ActiveCfg = Debug|Any CPU
		{6AE0FDEE-567E-BD28-C540-3CB671F349BC}.Debug|Any CPU.Build.0 = Debug|Any CPU
		{6AE0FDEE-567E-BD28-C540-3CB671F349BC}.Release|Any CPU.ActiveCfg = Release|Any CPU
		{6AE0FDEE-567E-BD28-C540-3CB671F349BC}.Release|Any CPU.Build.0 = Release|Any CPU
		{1448C29D-E1DF-7A38-1F9A-496186E9D34F}.Debug|Any CPU.ActiveCfg = Debug|Any CPU
		{1448C29D-E1DF-7A38-1F9A-496186E9D34F}.Debug|Any CPU.Build.0 = Debug|Any CPU
		{1448C29D-E1DF-7A38-1F9A-496186E9D34F}.Release|Any CPU.ActiveCfg = Release|Any CPU
		{1448C29D-E1DF-7A38-1F9A-496186E9D34F}.Release|Any CPU.Build.0 = Release|Any CPU
	EndGlobalSection
	GlobalSection(SolutionProperties) = preSolution
		HideSolutionNode = FALSE
	EndGlobalSection
	GlobalSection(MonoDevelopProperties) = preSolution
		StartupItem = Assembly-CSharp.csproj
	EndGlobalSection
EndGlobal
